
Microsoft Visual Studio Solution File, Format Version 12.00
# Visual Studio Version 17
VisualStudioVersion = 17.5.33424.131
MinimumVisualStudioVersion = 10.0.40219.1
Project("{FAE04EC0-301F-11D3-BF4B-00C04F79EFBC}") = "RabbitMQ-Watermark", "RabbitMQ-Watermark\RabbitMQ-Watermark.csproj", "{1AF1CC77-4E8D-4055-B294-0EDC61A15B76}"
EndProject
Global
	GlobalSection(SolutionConfigurationPlatforms) = preSolution
		Debug|Any CPU = Debug|Any CPU
		Release|Any CPU = Release|Any CPU
	EndGlobalSection
	GlobalSection(ProjectConfigurationPlatforms) = postSolution
		{1AF1CC77-4E8D-4055-B294-0EDC61A15B76}.Debug|Any CPU.ActiveCfg = Debug|Any CPU
		{1AF1CC77-4E8D-4055-B294-0EDC61A15B76}.Debug|Any CPU.Build.0 = Debug|Any CPU
		{1AF1CC77-4E8D-4055-B294-0EDC61A15B76}.Release|Any CPU.ActiveCfg = Release|Any CPU
		{1AF1CC77-4E8D-4055-B294-0EDC61A15B76}.Release|Any CPU.Build.0 = Release|Any CPU
	EndGlobalSection
	GlobalSection(SolutionProperties) = preSolution
		HideSolutionNode = FALSE
	EndGlobalSection
	GlobalSection(ExtensibilityGlobals) = postSolution
		SolutionGuid = {A7DE2225-BD2B-4ECD-993F-B7D2EF7F5E53}
	EndGlobalSection
EndGlobal
